
Microsoft Visual Studio Solution File, Format Version 12.00
# Visual Studio Version 17
VisualStudioVersion = 17.8.34322.80
MinimumVisualStudioVersion = 10.0.40219.1
Project("{9A19103F-16F7-4668-BE54-9A1E7A4F7556}") = "AspNetOdata", "AspNetOdata\AspNetOdata.csproj", "{63BECE66-4C16-4C52-BA1B-66D730417EE0}"
EndProject
Project("{9A19103F-16F7-4668-BE54-9A1E7A4F7556}") = "ConsoleConsumer", "ConsoleConsumer\ConsoleConsumer.csproj", "{1EBB1125-0866-42F9-94EC-3C1A52B2DF69}"
EndProject
Project("{FAE04EC0-301F-11D3-BF4B-00C04F79EFBC}") = "BlazorAppOdataClient", "BlazorAppOdataClient\BlazorAppOdataClient.csproj", "{F86576E3-390D-4061-9A5A-494E38E80EC8}"
EndProject
Global
	GlobalSection(SolutionConfigurationPlatforms) = preSolution
		Debug|Any CPU = Debug|Any CPU
		Release|Any CPU = Release|Any CPU
	EndGlobalSection
	GlobalSection(ProjectConfigurationPlatforms) = postSolution
		{63BECE66-4C16-4C52-BA1B-66D730417EE0}.Debug|Any CPU.ActiveCfg = Debug|Any CPU
		{63BECE66-4C16-4C52-BA1B-66D730417EE0}.Debug|Any CPU.Build.0 = Debug|Any CPU
		{63BECE66-4C16-4C52-BA1B-66D730417EE0}.Release|Any CPU.ActiveCfg = Release|Any CPU
		{63BECE66-4C16-4C52-BA1B-66D730417EE0}.Release|Any CPU.Build.0 = Release|Any CPU
		{1EBB1125-0866-42F9-94EC-3C1A52B2DF69}.Debug|Any CPU.ActiveCfg = Debug|Any CPU
		{1EBB1125-0866-42F9-94EC-3C1A52B2DF69}.Debug|Any CPU.Build.0 = Debug|Any CPU
		{1EBB1125-0866-42F9-94EC-3C1A52B2DF69}.Release|Any CPU.ActiveCfg = Release|Any CPU
		{1EBB1125-0866-42F9-94EC-3C1A52B2DF69}.Release|Any CPU.Build.0 = Release|Any CPU
		{F86576E3-390D-4061-9A5A-494E38E80EC8}.Debug|Any CPU.ActiveCfg = Debug|Any CPU
		{F86576E3-390D-4061-9A5A-494E38E80EC8}.Debug|Any CPU.Build.0 = Debug|Any CPU
		{F86576E3-390D-4061-9A5A-494E38E80EC8}.Release|Any CPU.ActiveCfg = Release|Any CPU
		{F86576E3-390D-4061-9A5A-494E38E80EC8}.Release|Any CPU.Build.0 = Release|Any CPU
	EndGlobalSection
	GlobalSection(SolutionProperties) = preSolution
		HideSolutionNode = FALSE
	EndGlobalSection
	GlobalSection(ExtensibilityGlobals) = postSolution
		SolutionGuid = {5B4B5E98-F6D1-43A6-A09D-373D7E7581D5}
	EndGlobalSection
EndGlobal
